
Microsoft Visual Studio Solution File, Format Version 12.00
# Visual Studio Version 17
VisualStudioVersion = 17.7.34024.191
MinimumVisualStudioVersion = 10.0.40219.1
Project("{FAE04EC0-301F-11D3-BF4B-00C04F79EFBC}") = "VarlamovPract8", "VarlamovPract8\VarlamovPract8.csproj", "{0F402974-1F20-45E3-AD2F-08BFCBAD581F}"
EndProject
Global
	GlobalSection(SolutionConfigurationPlatforms) = preSolution
		Debug|Any CPU = Debug|Any CPU
		Release|Any CPU = Release|Any CPU
	EndGlobalSection
	GlobalSection(ProjectConfigurationPlatforms) = postSolution
		{0F402974-1F20-45E3-AD2F-08BFCBAD581F}.Debug|Any CPU.ActiveCfg = Debug|Any CPU
		{0F402974-1F20-45E3-AD2F-08BFCBAD581F}.Debug|Any CPU.Build.0 = Debug|Any CPU
		{0F402974-1F20-45E3-AD2F-08BFCBAD581F}.Debug|Any CPU.Deploy.0 = Debug|Any CPU
		{0F402974-1F20-45E3-AD2F-08BFCBAD581F}.Release|Any CPU.ActiveCfg = Release|Any CPU
		{0F402974-1F20-45E3-AD2F-08BFCBAD581F}.Release|Any CPU.Build.0 = Release|Any CPU
		{0F402974-1F20-45E3-AD2F-08BFCBAD581F}.Release|Any CPU.Deploy.0 = Release|Any CPU
	EndGlobalSection
	GlobalSection(SolutionProperties) = preSolution
		HideSolutionNode = FALSE
	EndGlobalSection
	GlobalSection(ExtensibilityGlobals) = postSolution
		SolutionGuid = {FC89D3AE-446E-493F-9FC6-EC8ADB01F697}
	EndGlobalSection
EndGlobal
